// !$*UTF8*$!
{
	archiveVersion = 1;
	classes = {
	};
	objectVersion = 52;
	objects = {

/* Begin PBXBuildFile section */
		072FEEF576349B36A96A8F33 /* Pods_SeguridAPPFinal.framework in Frameworks */ = {isa = PBXBuildFile; fileRef = BE048FF64E870B6F6FBCD2EF /* Pods_SeguridAPPFinal.framework */; };
		1740D48526264E9A00CB4681 /* AppDelegate.swift in Sources */ = {isa = PBXBuildFile; fileRef = 1740D48426264E9A00CB4681 /* AppDelegate.swift */; };
		1740D48726264E9A00CB4681 /* SceneDelegate.swift in Sources */ = {isa = PBXBuildFile; fileRef = 1740D48626264E9A00CB4681 /* SceneDelegate.swift */; };
		1740D48926264E9A00CB4681 /* LoginViewController.swift in Sources */ = {isa = PBXBuildFile; fileRef = 1740D48826264E9A00CB4681 /* LoginViewController.swift */; };
		1740D48C26264E9A00CB4681 /* Main.storyboard in Resources */ = {isa = PBXBuildFile; fileRef = 1740D48A26264E9A00CB4681 /* Main.storyboard */; };
		1740D48E26264E9B00CB4681 /* Assets.xcassets in Resources */ = {isa = PBXBuildFile; fileRef = 1740D48D26264E9B00CB4681 /* Assets.xcassets */; };
		1740D49126264E9B00CB4681 /* LaunchScreen.storyboard in Resources */ = {isa = PBXBuildFile; fileRef = 1740D48F26264E9B00CB4681 /* LaunchScreen.storyboard */; };
		1740D49C26264E9B00CB4681 /* SeguridAPPFinalTests.swift in Sources */ = {isa = PBXBuildFile; fileRef = 1740D49B26264E9B00CB4681 /* SeguridAPPFinalTests.swift */; };
		1740D4A726264E9B00CB4681 /* SeguridAPPFinalUITests.swift in Sources */ = {isa = PBXBuildFile; fileRef = 1740D4A626264E9B00CB4681 /* SeguridAPPFinalUITests.swift */; };
		1740D4B826264F3000CB4681 /* Scanner.swift in Sources */ = {isa = PBXBuildFile; fileRef = 1740D4B726264F3000CB4681 /* Scanner.swift */; };
		1740D4D62626560700CB4681 /* FondoIntegradora.jpg in Resources */ = {isa = PBXBuildFile; fileRef = 1740D4D52626560700CB4681 /* FondoIntegradora.jpg */; };
		1740D4F226266A6D00CB4681 /* Raleway-BoldItalic.ttf in Resources */ = {isa = PBXBuildFile; fileRef = 1740D4DF26266A6D00CB4681 /* Raleway-BoldItalic.ttf */; };
		1740D4F326266A6D00CB4681 /* Raleway-MediumItalic.ttf in Resources */ = {isa = PBXBuildFile; fileRef = 1740D4E026266A6D00CB4681 /* Raleway-MediumItalic.ttf */; };
		1740D4F426266A6D00CB4681 /* Raleway-ThinItalic.ttf in Resources */ = {isa = PBXBuildFile; fileRef = 1740D4E126266A6D00CB4681 /* Raleway-ThinItalic.ttf */; };
		1740D4F526266A6D00CB4681 /* Raleway-ExtraLight.ttf in Resources */ = {isa = PBXBuildFile; fileRef = 1740D4E226266A6D00CB4681 /* Raleway-ExtraLight.ttf */; };
		1740D4F626266A6D00CB4681 /* SIL Open Font License.txt in Resources */ = {isa = PBXBuildFile; fileRef = 1740D4E326266A6D00CB4681 /* SIL Open Font License.txt */; };
		1740D4F726266A6D00CB4681 /* Raleway-Medium.ttf in Resources */ = {isa = PBXBuildFile; fileRef = 1740D4E426266A6D00CB4681 /* Raleway-Medium.ttf */; };
		1740D4F826266A6D00CB4681 /* Raleway-SemiBold.ttf in Resources */ = {isa = PBXBuildFile; fileRef = 1740D4E526266A6D00CB4681 /* Raleway-SemiBold.ttf */; };
		1740D4F926266A6D00CB4681 /* Raleway-ExtraBold.ttf in Resources */ = {isa = PBXBuildFile; fileRef = 1740D4E626266A6D00CB4681 /* Raleway-ExtraBold.ttf */; };
		1740D4FA26266A6D00CB4681 /* Raleway-ExtraBoldItalic.ttf in Resources */ = {isa = PBXBuildFile; fileRef = 1740D4E726266A6D00CB4681 /* Raleway-ExtraBoldItalic.ttf */; };
		1740D4FB26266A6D00CB4681 /* Raleway-Regular.ttf in Resources */ = {isa = PBXBuildFile; fileRef = 1740D4E826266A6D00CB4681 /* Raleway-Regular.ttf */; };
		1740D4FC26266A6D00CB4681 /* Raleway-ExtraLightItalic.ttf in Resources */ = {isa = PBXBuildFile; fileRef = 1740D4E926266A6D00CB4681 /* Raleway-ExtraLightItalic.ttf */; };
		1740D4FD26266A6D00CB4681 /* Raleway-SemiBoldItalic.ttf in Resources */ = {isa = PBXBuildFile; fileRef = 1740D4EA26266A6D00CB4681 /* Raleway-SemiBoldItalic.ttf */; };
		1740D4FE26266A6D00CB4681 /* Raleway-Light.ttf in Resources */ = {isa = PBXBuildFile; fileRef = 1740D4EB26266A6D00CB4681 /* Raleway-Light.ttf */; };
		1740D4FF26266A6D00CB4681 /* Raleway-Black.ttf in Resources */ = {isa = PBXBuildFile; fileRef = 1740D4EC26266A6D00CB4681 /* Raleway-Black.ttf */; };
		1740D50026266A6D00CB4681 /* Raleway-BlackItalic.ttf in Resources */ = {isa = PBXBuildFile; fileRef = 1740D4ED26266A6D00CB4681 /* Raleway-BlackItalic.ttf */; };
		1740D50126266A6D00CB4681 /* Raleway-LightItalic.ttf in Resources */ = {isa = PBXBuildFile; fileRef = 1740D4EE26266A6D00CB4681 /* Raleway-LightItalic.ttf */; };
		1740D50226266A6D00CB4681 /* Raleway-Thin.ttf in Resources */ = {isa = PBXBuildFile; fileRef = 1740D4EF26266A6D00CB4681 /* Raleway-Thin.ttf */; };
		1740D50326266A6D00CB4681 /* Raleway-Italic.ttf in Resources */ = {isa = PBXBuildFile; fileRef = 1740D4F026266A6D00CB4681 /* Raleway-Italic.ttf */; };
		1740D50426266A6D00CB4681 /* Raleway-Bold.ttf in Resources */ = {isa = PBXBuildFile; fileRef = 1740D4F126266A6D00CB4681 /* Raleway-Bold.ttf */; };
		1740D51B26268D6900CB4681 /* RegisterViewController.swift in Sources */ = {isa = PBXBuildFile; fileRef = 1740D51A26268D6900CB4681 /* RegisterViewController.swift */; };
		1740D52D262692A200CB4681 /* MenuViewController.swift in Sources */ = {isa = PBXBuildFile; fileRef = 1740D52C262692A200CB4681 /* MenuViewController.swift */; };
		1740D5322626938E00CB4681 /* SideMenu.swift in Sources */ = {isa = PBXBuildFile; fileRef = 1740D5312626938E00CB4681 /* SideMenu.swift */; };
		1740D54E2626A08700CB4681 /* SettingsViewController.swift in Sources */ = {isa = PBXBuildFile; fileRef = 1740D54D2626A08700CB4681 /* SettingsViewController.swift */; };
		1740D5792626B28300CB4681 /* Message.swift in Sources */ = {isa = PBXBuildFile; fileRef = 1740D5782626B28300CB4681 /* Message.swift */; };
		1740D5932626BA6A00CB4681 /* User.swift in Sources */ = {isa = PBXBuildFile; fileRef = 1740D5922626BA6A00CB4681 /* User.swift */; };
		1740D5992626BC6E00CB4681 /* Response.swift in Sources */ = {isa = PBXBuildFile; fileRef = 1740D5982626BC6E00CB4681 /* Response.swift */; };
		1763E27F262D549B00C6F67B /* FocoIntegradora.png in Resources */ = {isa = PBXBuildFile; fileRef = 1763E27E262D549B00C6F67B /* FocoIntegradora.png */; };
		1763E284262D577C00C6F67B /* HumedadIntegradora.png in Resources */ = {isa = PBXBuildFile; fileRef = 1763E283262D577C00C6F67B /* HumedadIntegradora.png */; };
		1763E289262D5E6200C6F67B /* TemperaturaIntegradora.png in Resources */ = {isa = PBXBuildFile; fileRef = 1763E288262D5E6100C6F67B /* TemperaturaIntegradora.png */; };
		1763E28E262D634000C6F67B /* PersonaIntegradora.png in Resources */ = {isa = PBXBuildFile; fileRef = 1763E28D262D633F00C6F67B /* PersonaIntegradora.png */; };
		17EFFC982636020100CC59FC /* HumedadWS.swift in Sources */ = {isa = PBXBuildFile; fileRef = 17EFFC972636020100CC59FC /* HumedadWS.swift */; };
/* End PBXBuildFile section */

/* Begin PBXContainerItemProxy section */
		1740D49826264E9B00CB4681 /* PBXContainerItemProxy */ = {
			isa = PBXContainerItemProxy;
			containerPortal = 1740D47926264E9A00CB4681 /* Project object */;
			proxyType = 1;
			remoteGlobalIDString = 1740D48026264E9A00CB4681;
			remoteInfo = SeguridAPPFinal;
		};
		1740D4A326264E9B00CB4681 /* PBXContainerItemProxy */ = {
			isa = PBXContainerItemProxy;
			containerPortal = 1740D47926264E9A00CB4681 /* Project object */;
			proxyType = 1;
			remoteGlobalIDString = 1740D48026264E9A00CB4681;
			remoteInfo = SeguridAPPFinal;
		};
/* End PBXContainerItemProxy section */

/* Begin PBXFileReference section */
		068562A315DCD28E4076BD93 /* Pods-SeguridAPPFinal.release.xcconfig */ = {isa = PBXFileReference; includeInIndex = 1; lastKnownFileType = text.xcconfig; name = "Pods-SeguridAPPFinal.release.xcconfig"; path = "Target Support Files/Pods-SeguridAPPFinal/Pods-SeguridAPPFinal.release.xcconfig"; sourceTree = "<group>"; };
		16447308EE69482AA0CB3419 /* Pods-SeguridAPPFinal.debug.xcconfig */ = {isa = PBXFileReference; includeInIndex = 1; lastKnownFileType = text.xcconfig; name = "Pods-SeguridAPPFinal.debug.xcconfig"; path = "Target Support Files/Pods-SeguridAPPFinal/Pods-SeguridAPPFinal.debug.xcconfig"; sourceTree = "<group>"; };
		1740D48126264E9A00CB4681 /* SeguridAPPFinal.app */ = {isa = PBXFileReference; explicitFileType = wrapper.application; includeInIndex = 0; path = SeguridAPPFinal.app; sourceTree = BUILT_PRODUCTS_DIR; };
		1740D48426264E9A00CB4681 /* AppDelegate.swift */ = {isa = PBXFileReference; lastKnownFileType = sourcecode.swift; path = AppDelegate.swift; sourceTree = "<group>"; };
		1740D48626264E9A00CB4681 /* SceneDelegate.swift */ = {isa = PBXFileReference; lastKnownFileType = sourcecode.swift; path = SceneDelegate.swift; sourceTree = "<group>"; };
		1740D48826264E9A00CB4681 /* LoginViewController.swift */ = {isa = PBXFileReference; lastKnownFileType = sourcecode.swift; path = LoginViewController.swift; sourceTree = "<group>"; };
		1740D48B26264E9A00CB4681 /* Base */ = {isa = PBXFileReference; lastKnownFileType = file.storyboard; name = Base; path = Base.lproj/Main.storyboard; sourceTree = "<group>"; };
		1740D48D26264E9B00CB4681 /* Assets.xcassets */ = {isa = PBXFileReference; lastKnownFileType = folder.assetcatalog; path = Assets.xcassets; sourceTree = "<group>"; };
		1740D49026264E9B00CB4681 /* Base */ = {isa = PBXFileReference; lastKnownFileType = file.storyboard; name = Base; path = Base.lproj/LaunchScreen.storyboard; sourceTree = "<group>"; };
		1740D49226264E9B00CB4681 /* Info.plist */ = {isa = PBXFileReference; lastKnownFileType = text.plist.xml; path = Info.plist; sourceTree = "<group>"; };
		1740D49726264E9B00CB4681 /* SeguridAPPFinalTests.xctest */ = {isa = PBXFileReference; explicitFileType = wrapper.cfbundle; includeInIndex = 0; path = SeguridAPPFinalTests.xctest; sourceTree = BUILT_PRODUCTS_DIR; };
		1740D49B26264E9B00CB4681 /* SeguridAPPFinalTests.swift */ = {isa = PBXFileReference; lastKnownFileType = sourcecode.swift; path = SeguridAPPFinalTests.swift; sourceTree = "<group>"; };
		1740D49D26264E9B00CB4681 /* Info.plist */ = {isa = PBXFileReference; lastKnownFileType = text.plist.xml; path = Info.plist; sourceTree = "<group>"; };
		1740D4A226264E9B00CB4681 /* SeguridAPPFinalUITests.xctest */ = {isa = PBXFileReference; explicitFileType = wrapper.cfbundle; includeInIndex = 0; path = SeguridAPPFinalUITests.xctest; sourceTree = BUILT_PRODUCTS_DIR; };
		1740D4A626264E9B00CB4681 /* SeguridAPPFinalUITests.swift */ = {isa = PBXFileReference; lastKnownFileType = sourcecode.swift; path = SeguridAPPFinalUITests.swift; sourceTree = "<group>"; };
		1740D4A826264E9B00CB4681 /* Info.plist */ = {isa = PBXFileReference; lastKnownFileType = text.plist.xml; path = Info.plist; sourceTree = "<group>"; };
		1740D4B726264F3000CB4681 /* Scanner.swift */ = {isa = PBXFileReference; lastKnownFileType = sourcecode.swift; path = Scanner.swift; sourceTree = "<group>"; };
		1740D4D52626560700CB4681 /* FondoIntegradora.jpg */ = {isa = PBXFileReference; lastKnownFileType = image.jpeg; name = FondoIntegradora.jpg; path = ../../SeguridApp/SeguridApp/Imagenes/FondoIntegradora.jpg; sourceTree = "<group>"; };
		1740D4DF26266A6D00CB4681 /* Raleway-BoldItalic.ttf */ = {isa = PBXFileReference; lastKnownFileType = file; path = "Raleway-BoldItalic.ttf"; sourceTree = "<group>"; };
		1740D4E026266A6D00CB4681 /* Raleway-MediumItalic.ttf */ = {isa = PBXFileReference; lastKnownFileType = file; path = "Raleway-MediumItalic.ttf"; sourceTree = "<group>"; };
		1740D4E126266A6D00CB4681 /* Raleway-ThinItalic.ttf */ = {isa = PBXFileReference; lastKnownFileType = file; path = "Raleway-ThinItalic.ttf"; sourceTree = "<group>"; };
		1740D4E226266A6D00CB4681 /* Raleway-ExtraLight.ttf */ = {isa = PBXFileReference; lastKnownFileType = file; path = "Raleway-ExtraLight.ttf"; sourceTree = "<group>"; };
		1740D4E326266A6D00CB4681 /* SIL Open Font License.txt */ = {isa = PBXFileReference; fileEncoding = 4; lastKnownFileType = text; path = "SIL Open Font License.txt"; sourceTree = "<group>"; };
		1740D4E426266A6D00CB4681 /* Raleway-Medium.ttf */ = {isa = PBXFileReference; lastKnownFileType = file; path = "Raleway-Medium.ttf"; sourceTree = "<group>"; };
		1740D4E526266A6D00CB4681 /* Raleway-SemiBold.ttf */ = {isa = PBXFileReference; lastKnownFileType = file; path = "Raleway-SemiBold.ttf"; sourceTree = "<group>"; };
		1740D4E626266A6D00CB4681 /* Raleway-ExtraBold.ttf */ = {isa = PBXFileReference; lastKnownFileType = file; path = "Raleway-ExtraBold.ttf"; sourceTree = "<group>"; };
		1740D4E726266A6D00CB4681 /* Raleway-ExtraBoldItalic.ttf */ = {isa = PBXFileReference; lastKnownFileType = file; path = "Raleway-ExtraBoldItalic.ttf"; sourceTree = "<group>"; };
		1740D4E826266A6D00CB4681 /* Raleway-Regular.ttf */ = {isa = PBXFileReference; lastKnownFileType = file; path = "Raleway-Regular.ttf"; sourceTree = "<group>"; };
		1740D4E926266A6D00CB4681 /* Raleway-ExtraLightItalic.ttf */ = {isa = PBXFileReference; lastKnownFileType = file; path = "Raleway-ExtraLightItalic.ttf"; sourceTree = "<group>"; };
		1740D4EA26266A6D00CB4681 /* Raleway-SemiBoldItalic.ttf */ = {isa = PBXFileReference; lastKnownFileType = file; path = "Raleway-SemiBoldItalic.ttf"; sourceTree = "<group>"; };
		1740D4EB26266A6D00CB4681 /* Raleway-Light.ttf */ = {isa = PBXFileReference; lastKnownFileType = file; path = "Raleway-Light.ttf"; sourceTree = "<group>"; };
		1740D4EC26266A6D00CB4681 /* Raleway-Black.ttf */ = {isa = PBXFileReference; lastKnownFileType = file; path = "Raleway-Black.ttf"; sourceTree = "<group>"; };
		1740D4ED26266A6D00CB4681 /* Raleway-BlackItalic.ttf */ = {isa = PBXFileReference; lastKnownFileType = file; path = "Raleway-BlackItalic.ttf"; sourceTree = "<group>"; };
		1740D4EE26266A6D00CB4681 /* Raleway-LightItalic.ttf */ = {isa = PBXFileReference; lastKnownFileType = file; path = "Raleway-LightItalic.ttf"; sourceTree = "<group>"; };
		1740D4EF26266A6D00CB4681 /* Raleway-Thin.ttf */ = {isa = PBXFileReference; lastKnownFileType = file; path = "Raleway-Thin.ttf"; sourceTree = "<group>"; };
		1740D4F026266A6D00CB4681 /* Raleway-Italic.ttf */ = {isa = PBXFileReference; lastKnownFileType = file; path = "Raleway-Italic.ttf"; sourceTree = "<group>"; };
		1740D4F126266A6D00CB4681 /* Raleway-Bold.ttf */ = {isa = PBXFileReference; lastKnownFileType = file; path = "Raleway-Bold.ttf"; sourceTree = "<group>"; };
		1740D51A26268D6900CB4681 /* RegisterViewController.swift */ = {isa = PBXFileReference; lastKnownFileType = sourcecode.swift; path = RegisterViewController.swift; sourceTree = "<group>"; };
		1740D52C262692A200CB4681 /* MenuViewController.swift */ = {isa = PBXFileReference; lastKnownFileType = sourcecode.swift; path = MenuViewController.swift; sourceTree = "<group>"; };
		1740D5312626938E00CB4681 /* SideMenu.swift */ = {isa = PBXFileReference; lastKnownFileType = sourcecode.swift; path = SideMenu.swift; sourceTree = "<group>"; };
		1740D54D2626A08700CB4681 /* SettingsViewController.swift */ = {isa = PBXFileReference; lastKnownFileType = sourcecode.swift; path = SettingsViewController.swift; sourceTree = "<group>"; };
		1740D5782626B28300CB4681 /* Message.swift */ = {isa = PBXFileReference; lastKnownFileType = sourcecode.swift; path = Message.swift; sourceTree = "<group>"; };
		1740D5922626BA6A00CB4681 /* User.swift */ = {isa = PBXFileReference; lastKnownFileType = sourcecode.swift; path = User.swift; sourceTree = "<group>"; };
		1740D5982626BC6E00CB4681 /* Response.swift */ = {isa = PBXFileReference; lastKnownFileType = sourcecode.swift; path = Response.swift; sourceTree = "<group>"; };
		1763E27E262D549B00C6F67B /* FocoIntegradora.png */ = {isa = PBXFileReference; lastKnownFileType = image.png; name = FocoIntegradora.png; path = ../../../Downloads/FocoIntegradora.png; sourceTree = "<group>"; };
		1763E283262D577C00C6F67B /* HumedadIntegradora.png */ = {isa = PBXFileReference; lastKnownFileType = image.png; name = HumedadIntegradora.png; path = ../../../Downloads/HumedadIntegradora.png; sourceTree = "<group>"; };
		1763E288262D5E6100C6F67B /* TemperaturaIntegradora.png */ = {isa = PBXFileReference; lastKnownFileType = image.png; name = TemperaturaIntegradora.png; path = ../../../Downloads/TemperaturaIntegradora.png; sourceTree = "<group>"; };
		1763E28D262D633F00C6F67B /* PersonaIntegradora.png */ = {isa = PBXFileReference; lastKnownFileType = image.png; name = PersonaIntegradora.png; path = ../../../Downloads/PersonaIntegradora.png; sourceTree = "<group>"; };
		17EFFC972636020100CC59FC /* HumedadWS.swift */ = {isa = PBXFileReference; lastKnownFileType = sourcecode.swift; path = HumedadWS.swift; sourceTree = "<group>"; };
		BE048FF64E870B6F6FBCD2EF /* Pods_SeguridAPPFinal.framework */ = {isa = PBXFileReference; explicitFileType = wrapper.framework; includeInIndex = 0; path = Pods_SeguridAPPFinal.framework; sourceTree = BUILT_PRODUCTS_DIR; };
/* End PBXFileReference section */

/* Begin PBXFrameworksBuildPhase section */
		1740D47E26264E9A00CB4681 /* Frameworks */ = {
			isa = PBXFrameworksBuildPhase;
			buildActionMask = 2147483647;
			files = (
				072FEEF576349B36A96A8F33 /* Pods_SeguridAPPFinal.framework in Frameworks */,
			);
			runOnlyForDeploymentPostprocessing = 0;
		};
		1740D49426264E9B00CB4681 /* Frameworks */ = {
			isa = PBXFrameworksBuildPhase;
			buildActionMask = 2147483647;
			files = (
			);
			runOnlyForDeploymentPostprocessing = 0;
		};
		1740D49F26264E9B00CB4681 /* Frameworks */ = {
			isa = PBXFrameworksBuildPhase;
			buildActionMask = 2147483647;
			files = (
			);
			runOnlyForDeploymentPostprocessing = 0;
		};
/* End PBXFrameworksBuildPhase section */

/* Begin PBXGroup section */
		00F9368B47545CEFDD44188E /* Pods */ = {
			isa = PBXGroup;
			children = (
				16447308EE69482AA0CB3419 /* Pods-SeguridAPPFinal.debug.xcconfig */,
				068562A315DCD28E4076BD93 /* Pods-SeguridAPPFinal.release.xcconfig */,
			);
			path = Pods;
			sourceTree = "<group>";
		};
		1740D47826264E9A00CB4681 = {
			isa = PBXGroup;
			children = (
				1740D4DE26266A6D00CB4681 /* raleway full version 2 */,
				1740D48326264E9A00CB4681 /* SeguridAPPFinal */,
				1740D49A26264E9B00CB4681 /* SeguridAPPFinalTests */,
				1740D4A526264E9B00CB4681 /* SeguridAPPFinalUITests */,
				1740D48226264E9A00CB4681 /* Products */,
				00F9368B47545CEFDD44188E /* Pods */,
				5C8BBCD846C3CA86D6999D79 /* Frameworks */,
			);
			sourceTree = "<group>";
		};
		1740D48226264E9A00CB4681 /* Products */ = {
			isa = PBXGroup;
			children = (
				1740D48126264E9A00CB4681 /* SeguridAPPFinal.app */,
				1740D49726264E9B00CB4681 /* SeguridAPPFinalTests.xctest */,
				1740D4A226264E9B00CB4681 /* SeguridAPPFinalUITests.xctest */,
			);
			name = Products;
			sourceTree = "<group>";
		};
		1740D48326264E9A00CB4681 /* SeguridAPPFinal */ = {
			isa = PBXGroup;
			children = (
				1740D48426264E9A00CB4681 /* AppDelegate.swift */,
				1740D48626264E9A00CB4681 /* SceneDelegate.swift */,
				1740D54226269B6000CB4681 /* Controllers */,
				1740D48A26264E9A00CB4681 /* Main.storyboard */,
				1740D54626269B7200CB4681 /* Objects */,
				1740D48D26264E9B00CB4681 /* Assets.xcassets */,
				1740D48F26264E9B00CB4681 /* LaunchScreen.storyboard */,
				1740D49226264E9B00CB4681 /* Info.plist */,
				1763E27E262D549B00C6F67B /* FocoIntegradora.png */,
				1763E283262D577C00C6F67B /* HumedadIntegradora.png */,
				1763E288262D5E6100C6F67B /* TemperaturaIntegradora.png */,
				1763E28D262D633F00C6F67B /* PersonaIntegradora.png */,
				1740D4D52626560700CB4681 /* FondoIntegradora.jpg */,
			);
			path = SeguridAPPFinal;
			sourceTree = "<group>";
		};
		1740D49A26264E9B00CB4681 /* SeguridAPPFinalTests */ = {
			isa = PBXGroup;
			children = (
				1740D49B26264E9B00CB4681 /* SeguridAPPFinalTests.swift */,
				1740D49D26264E9B00CB4681 /* Info.plist */,
			);
			path = SeguridAPPFinalTests;
			sourceTree = "<group>";
		};
		1740D4A526264E9B00CB4681 /* SeguridAPPFinalUITests */ = {
			isa = PBXGroup;
			children = (
				1740D4A626264E9B00CB4681 /* SeguridAPPFinalUITests.swift */,
				1740D4A826264E9B00CB4681 /* Info.plist */,
			);
			path = SeguridAPPFinalUITests;
			sourceTree = "<group>";
		};
		1740D4DE26266A6D00CB4681 /* raleway full version 2 */ = {
			isa = PBXGroup;
			children = (
				1740D4DF26266A6D00CB4681 /* Raleway-BoldItalic.ttf */,
				1740D4E026266A6D00CB4681 /* Raleway-MediumItalic.ttf */,
				1740D4E126266A6D00CB4681 /* Raleway-ThinItalic.ttf */,
				1740D4E226266A6D00CB4681 /* Raleway-ExtraLight.ttf */,
				1740D4E326266A6D00CB4681 /* SIL Open Font License.txt */,
				1740D4E426266A6D00CB4681 /* Raleway-Medium.ttf */,
				1740D4E526266A6D00CB4681 /* Raleway-SemiBold.ttf */,
				1740D4E626266A6D00CB4681 /* Raleway-ExtraBold.ttf */,
				1740D4E726266A6D00CB4681 /* Raleway-ExtraBoldItalic.ttf */,
				1740D4E826266A6D00CB4681 /* Raleway-Regular.ttf */,
				1740D4E926266A6D00CB4681 /* Raleway-ExtraLightItalic.ttf */,
				1740D4EA26266A6D00CB4681 /* Raleway-SemiBoldItalic.ttf */,
				1740D4EB26266A6D00CB4681 /* Raleway-Light.ttf */,
				1740D4EC26266A6D00CB4681 /* Raleway-Black.ttf */,
				1740D4ED26266A6D00CB4681 /* Raleway-BlackItalic.ttf */,
				1740D4EE26266A6D00CB4681 /* Raleway-LightItalic.ttf */,
				1740D4EF26266A6D00CB4681 /* Raleway-Thin.ttf */,
				1740D4F026266A6D00CB4681 /* Raleway-Italic.ttf */,
				1740D4F126266A6D00CB4681 /* Raleway-Bold.ttf */,
			);
			path = "raleway full version 2";
			sourceTree = "<group>";
		};
		1740D54226269B6000CB4681 /* Controllers */ = {
			isa = PBXGroup;
			children = (
				1740D54D2626A08700CB4681 /* SettingsViewController.swift */,
				1740D48826264E9A00CB4681 /* LoginViewController.swift */,
				1740D52C262692A200CB4681 /* MenuViewController.swift */,
				1740D51A26268D6900CB4681 /* RegisterViewController.swift */,
			);
			path = Controllers;
			sourceTree = "<group>";
		};
		1740D54626269B7200CB4681 /* Objects */ = {
			isa = PBXGroup;
			children = (
				1740D5312626938E00CB4681 /* SideMenu.swift */,
				1740D4B726264F3000CB4681 /* Scanner.swift */,
				1740D5782626B28300CB4681 /* Message.swift */,
				1740D5922626BA6A00CB4681 /* User.swift */,
				1740D5982626BC6E00CB4681 /* Response.swift */,
				17EFFC972636020100CC59FC /* HumedadWS.swift */,
			);
			path = Objects;
			sourceTree = "<group>";
		};
		5C8BBCD846C3CA86D6999D79 /* Frameworks */ = {
			isa = PBXGroup;
			children = (
				BE048FF64E870B6F6FBCD2EF /* Pods_SeguridAPPFinal.framework */,
			);
			name = Frameworks;
			sourceTree = "<group>";
		};
/* End PBXGroup section */

/* Begin PBXNativeTarget section */
		1740D48026264E9A00CB4681 /* SeguridAPPFinal */ = {
			isa = PBXNativeTarget;
			buildConfigurationList = 1740D4AB26264E9B00CB4681 /* Build configuration list for PBXNativeTarget "SeguridAPPFinal" */;
			buildPhases = (
				519AAE1F9CF9175260F38FB4 /* [CP] Check Pods Manifest.lock */,
				1740D47D26264E9A00CB4681 /* Sources */,
				1740D47E26264E9A00CB4681 /* Frameworks */,
				1740D47F26264E9A00CB4681 /* Resources */,
				D1EE3A66AEFD2742C9BDAF46 /* [CP] Embed Pods Frameworks */,
			);
			buildRules = (
			);
			dependencies = (
			);
			name = SeguridAPPFinal;
			productName = SeguridAPPFinal;
			productReference = 1740D48126264E9A00CB4681 /* SeguridAPPFinal.app */;
			productType = "com.apple.product-type.application";
		};
		1740D49626264E9B00CB4681 /* SeguridAPPFinalTests */ = {
			isa = PBXNativeTarget;
			buildConfigurationList = 1740D4AE26264E9B00CB4681 /* Build configuration list for PBXNativeTarget "SeguridAPPFinalTests" */;
			buildPhases = (
				1740D49326264E9B00CB4681 /* Sources */,
				1740D49426264E9B00CB4681 /* Frameworks */,
				1740D49526264E9B00CB4681 /* Resources */,
			);
			buildRules = (
			);
			dependencies = (
				1740D49926264E9B00CB4681 /* PBXTargetDependency */,
			);
			name = SeguridAPPFinalTests;
			productName = SeguridAPPFinalTests;
			productReference = 1740D49726264E9B00CB4681 /* SeguridAPPFinalTests.xctest */;
			productType = "com.apple.product-type.bundle.unit-test";
		};
		1740D4A126264E9B00CB4681 /* SeguridAPPFinalUITests */ = {
			isa = PBXNativeTarget;
			buildConfigurationList = 1740D4B126264E9B00CB4681 /* Build configuration list for PBXNativeTarget "SeguridAPPFinalUITests" */;
			buildPhases = (
				1740D49E26264E9B00CB4681 /* Sources */,
				1740D49F26264E9B00CB4681 /* Frameworks */,
				1740D4A026264E9B00CB4681 /* Resources */,
			);
			buildRules = (
			);
			dependencies = (
				1740D4A426264E9B00CB4681 /* PBXTargetDependency */,
			);
			name = SeguridAPPFinalUITests;
			productName = SeguridAPPFinalUITests;
			productReference = 1740D4A226264E9B00CB4681 /* SeguridAPPFinalUITests.xctest */;
			productType = "com.apple.product-type.bundle.ui-testing";
		};
/* End PBXNativeTarget section */

/* Begin PBXProject section */
		1740D47926264E9A00CB4681 /* Project object */ = {
			isa = PBXProject;
			attributes = {
				LastSwiftUpdateCheck = 1240;
				LastUpgradeCheck = 1240;
				TargetAttributes = {
					1740D48026264E9A00CB4681 = {
						CreatedOnToolsVersion = 12.4;
					};
					1740D49626264E9B00CB4681 = {
						CreatedOnToolsVersion = 12.4;
						TestTargetID = 1740D48026264E9A00CB4681;
					};
					1740D4A126264E9B00CB4681 = {
						CreatedOnToolsVersion = 12.4;
						TestTargetID = 1740D48026264E9A00CB4681;
					};
				};
			};
			buildConfigurationList = 1740D47C26264E9A00CB4681 /* Build configuration list for PBXProject "SeguridAPPFinal" */;
			compatibilityVersion = "Xcode 11.0";
			developmentRegion = en;
			hasScannedForEncodings = 0;
			knownRegions = (
				en,
				Base,
			);
			mainGroup = 1740D47826264E9A00CB4681;
			productRefGroup = 1740D48226264E9A00CB4681 /* Products */;
			projectDirPath = "";
			projectRoot = "";
			targets = (
				1740D48026264E9A00CB4681 /* SeguridAPPFinal */,
				1740D49626264E9B00CB4681 /* SeguridAPPFinalTests */,
				1740D4A126264E9B00CB4681 /* SeguridAPPFinalUITests */,
			);
		};
/* End PBXProject section */

/* Begin PBXResourcesBuildPhase section */
		1740D47F26264E9A00CB4681 /* Resources */ = {
			isa = PBXResourcesBuildPhase;
			buildActionMask = 2147483647;
			files = (
				1740D4FC26266A6D00CB4681 /* Raleway-ExtraLightItalic.ttf in Resources */,
				1740D4F926266A6D00CB4681 /* Raleway-ExtraBold.ttf in Resources */,
				1740D50326266A6D00CB4681 /* Raleway-Italic.ttf in Resources */,
				1740D4FF26266A6D00CB4681 /* Raleway-Black.ttf in Resources */,
				1740D4F526266A6D00CB4681 /* Raleway-ExtraLight.ttf in Resources */,
				1740D49126264E9B00CB4681 /* LaunchScreen.storyboard in Resources */,
				1740D4FB26266A6D00CB4681 /* Raleway-Regular.ttf in Resources */,
				1740D50226266A6D00CB4681 /* Raleway-Thin.ttf in Resources */,
				1740D50026266A6D00CB4681 /* Raleway-BlackItalic.ttf in Resources */,
				1763E28E262D634000C6F67B /* PersonaIntegradora.png in Resources */,
				1763E289262D5E6200C6F67B /* TemperaturaIntegradora.png in Resources */,
				1740D50126266A6D00CB4681 /* Raleway-LightItalic.ttf in Resources */,
				1740D48E26264E9B00CB4681 /* Assets.xcassets in Resources */,
				1740D4FA26266A6D00CB4681 /* Raleway-ExtraBoldItalic.ttf in Resources */,
				1740D4F626266A6D00CB4681 /* SIL Open Font License.txt in Resources */,
				1740D4F226266A6D00CB4681 /* Raleway-BoldItalic.ttf in Resources */,
				1740D4F326266A6D00CB4681 /* Raleway-MediumItalic.ttf in Resources */,
				1740D4F426266A6D00CB4681 /* Raleway-ThinItalic.ttf in Resources */,
				1740D4F726266A6D00CB4681 /* Raleway-Medium.ttf in Resources */,
				1740D48C26264E9A00CB4681 /* Main.storyboard in Resources */,
				1740D4FE26266A6D00CB4681 /* Raleway-Light.ttf in Resources */,
				1740D4FD26266A6D00CB4681 /* Raleway-SemiBoldItalic.ttf in Resources */,
				1740D4D62626560700CB4681 /* FondoIntegradora.jpg in Resources */,
				1763E27F262D549B00C6F67B /* FocoIntegradora.png in Resources */,
				1740D50426266A6D00CB4681 /* Raleway-Bold.ttf in Resources */,
				1763E284262D577C00C6F67B /* HumedadIntegradora.png in Resources */,
				1740D4F826266A6D00CB4681 /* Raleway-SemiBold.ttf in Resources */,
			);
			runOnlyForDeploymentPostprocessing = 0;
		};
		1740D49526264E9B00CB4681 /* Resources */ = {
			isa = PBXResourcesBuildPhase;
			buildActionMask = 2147483647;
			files = (
			);
			runOnlyForDeploymentPostprocessing = 0;
		};
		1740D4A026264E9B00CB4681 /* Resources */ = {
			isa = PBXResourcesBuildPhase;
			buildActionMask = 2147483647;
			files = (
			);
			runOnlyForDeploymentPostprocessing = 0;
		};
/* End PBXResourcesBuildPhase section */

/* Begin PBXShellScriptBuildPhase section */
		519AAE1F9CF9175260F38FB4 /* [CP] Check Pods Manifest.lock */ = {
			isa = PBXShellScriptBuildPhase;
			buildActionMask = 2147483647;
			files = (
			);
			inputFileListPaths = (
			);
			inputPaths = (
				"${PODS_PODFILE_DIR_PATH}/Podfile.lock",
				"${PODS_ROOT}/Manifest.lock",
			);
			name = "[CP] Check Pods Manifest.lock";
			outputFileListPaths = (
			);
			outputPaths = (
				"$(DERIVED_FILE_DIR)/Pods-SeguridAPPFinal-checkManifestLockResult.txt",
			);
			runOnlyForDeploymentPostprocessing = 0;
			shellPath = /bin/sh;
			shellScript = "diff \"${PODS_PODFILE_DIR_PATH}/Podfile.lock\" \"${PODS_ROOT}/Manifest.lock\" > /dev/null\nif [ $? != 0 ] ; then\n    # print error to STDERR\n    echo \"error: The sandbox is not in sync with the Podfile.lock. Run 'pod install' or update your CocoaPods installation.\" >&2\n    exit 1\nfi\n# This output is used by Xcode 'outputs' to avoid re-running this script phase.\necho \"SUCCESS\" > \"${SCRIPT_OUTPUT_FILE_0}\"\n";
			showEnvVarsInLog = 0;
		};
		D1EE3A66AEFD2742C9BDAF46 /* [CP] Embed Pods Frameworks */ = {
			isa = PBXShellScriptBuildPhase;
			buildActionMask = 2147483647;
			files = (
			);
			inputFileListPaths = (
				"${PODS_ROOT}/Target Support Files/Pods-SeguridAPPFinal/Pods-SeguridAPPFinal-frameworks-${CONFIGURATION}-input-files.xcfilelist",
			);
			name = "[CP] Embed Pods Frameworks";
			outputFileListPaths = (
				"${PODS_ROOT}/Target Support Files/Pods-SeguridAPPFinal/Pods-SeguridAPPFinal-frameworks-${CONFIGURATION}-output-files.xcfilelist",
			);
			runOnlyForDeploymentPostprocessing = 0;
			shellPath = /bin/sh;
			shellScript = "\"${PODS_ROOT}/Target Support Files/Pods-SeguridAPPFinal/Pods-SeguridAPPFinal-frameworks.sh\"\n";
			showEnvVarsInLog = 0;
		};
/* End PBXShellScriptBuildPhase section */

/* Begin PBXSourcesBuildPhase section */
		1740D47D26264E9A00CB4681 /* Sources */ = {
			isa = PBXSourcesBuildPhase;
			buildActionMask = 2147483647;
			files = (
				1740D48926264E9A00CB4681 /* LoginViewController.swift in Sources */,
				1740D48526264E9A00CB4681 /* AppDelegate.swift in Sources */,
				1740D5322626938E00CB4681 /* SideMenu.swift in Sources */,
				1740D5792626B28300CB4681 /* Message.swift in Sources */,
				1740D51B26268D6900CB4681 /* RegisterViewController.swift in Sources */,
				1740D4B826264F3000CB4681 /* Scanner.swift in Sources */,
				1740D48726264E9A00CB4681 /* SceneDelegate.swift in Sources */,
				1740D5992626BC6E00CB4681 /* Response.swift in Sources */,
				17EFFC982636020100CC59FC /* HumedadWS.swift in Sources */,
				1740D52D262692A200CB4681 /* MenuViewController.swift in Sources */,
				1740D5932626BA6A00CB4681 /* User.swift in Sources */,
				1740D54E2626A08700CB4681 /* SettingsViewController.swift in Sources */,
			);
			runOnlyForDeploymentPostprocessing = 0;
		};
		1740D49326264E9B00CB4681 /* Sources */ = {
			isa = PBXSourcesBuildPhase;
			buildActionMask = 2147483647;
			files = (
				1740D49C26264E9B00CB4681 /* SeguridAPPFinalTests.swift in Sources */,
			);
			runOnlyForDeploymentPostprocessing = 0;
		};
		1740D49E26264E9B00CB4681 /* Sources */ = {
			isa = PBXSourcesBuildPhase;
			buildActionMask = 2147483647;
			files = (
				1740D4A726264E9B00CB4681 /* SeguridAPPFinalUITests.swift in Sources */,
			);
			runOnlyForDeploymentPostprocessing = 0;
		};
/* End PBXSourcesBuildPhase section */

/* Begin PBXTargetDependency section */
		1740D49926264E9B00CB4681 /* PBXTargetDependency */ = {
			isa = PBXTargetDependency;
			target = 1740D48026264E9A00CB4681 /* SeguridAPPFinal */;
			targetProxy = 1740D49826264E9B00CB4681 /* PBXContainerItemProxy */;
		};
		1740D4A426264E9B00CB4681 /* PBXTargetDependency */ = {
			isa = PBXTargetDependency;
			target = 1740D48026264E9A00CB4681 /* SeguridAPPFinal */;
			targetProxy = 1740D4A326264E9B00CB4681 /* PBXContainerItemProxy */;
		};
/* End PBXTargetDependency section */

/* Begin PBXVariantGroup section */
		1740D48A26264E9A00CB4681 /* Main.storyboard */ = {
			isa = PBXVariantGroup;
			children = (
				1740D48B26264E9A00CB4681 /* Base */,
			);
			name = Main.storyboard;
			sourceTree = "<group>";
		};
		1740D48F26264E9B00CB4681 /* LaunchScreen.storyboard */ = {
			isa = PBXVariantGroup;
			children = (
				1740D49026264E9B00CB4681 /* Base */,
			);
			name = LaunchScreen.storyboard;
			sourceTree = "<group>";
		};
/* End PBXVariantGroup section */

/* Begin XCBuildConfiguration section */
		1740D4A926264E9B00CB4681 /* Debug */ = {
			isa = XCBuildConfiguration;
			buildSettings = {
				ALWAYS_SEARCH_USER_PATHS = NO;
				CLANG_ANALYZER_NONNULL = YES;
				CLANG_ANALYZER_NUMBER_OBJECT_CONVERSION = YES_AGGRESSIVE;
				CLANG_CXX_LANGUAGE_STANDARD = "gnu++14";
				CLANG_CXX_LIBRARY = "libc++";
				CLANG_ENABLE_MODULES = YES;
				CLANG_ENABLE_OBJC_ARC = YES;
				CLANG_ENABLE_OBJC_WEAK = YES;
				CLANG_WARN_BLOCK_CAPTURE_AUTORELEASING = YES;
				CLANG_WARN_BOOL_CONVERSION = YES;
				CLANG_WARN_COMMA = YES;
				CLANG_WARN_CONSTANT_CONVERSION = YES;
				CLANG_WARN_DEPRECATED_OBJC_IMPLEMENTATIONS = YES;
				CLANG_WARN_DIRECT_OBJC_ISA_USAGE = YES_ERROR;
				CLANG_WARN_DOCUMENTATION_COMMENTS = YES;
				CLANG_WARN_EMPTY_BODY = YES;
				CLANG_WARN_ENUM_CONVERSION = YES;
				CLANG_WARN_INFINITE_RECURSION = YES;
				CLANG_WARN_INT_CONVERSION = YES;
				CLANG_WARN_NON_LITERAL_NULL_CONVERSION = YES;
				CLANG_WARN_OBJC_IMPLICIT_RETAIN_SELF = YES;
				CLANG_WARN_OBJC_LITERAL_CONVERSION = YES;
				CLANG_WARN_OBJC_ROOT_CLASS = YES_ERROR;
				CLANG_WARN_QUOTED_INCLUDE_IN_FRAMEWORK_HEADER = YES;
				CLANG_WARN_RANGE_LOOP_ANALYSIS = YES;
				CLANG_WARN_STRICT_PROTOTYPES = YES;
				CLANG_WARN_SUSPICIOUS_MOVE = YES;
				CLANG_WARN_UNGUARDED_AVAILABILITY = YES_AGGRESSIVE;
				CLANG_WARN_UNREACHABLE_CODE = YES;
				CLANG_WARN__DUPLICATE_METHOD_MATCH = YES;
				COPY_PHASE_STRIP = NO;
				DEBUG_INFORMATION_FORMAT = dwarf;
				ENABLE_STRICT_OBJC_MSGSEND = YES;
				ENABLE_TESTABILITY = YES;
				GCC_C_LANGUAGE_STANDARD = gnu11;
				GCC_DYNAMIC_NO_PIC = NO;
				GCC_NO_COMMON_BLOCKS = YES;
				GCC_OPTIMIZATION_LEVEL = 0;
				GCC_PREPROCESSOR_DEFINITIONS = (
					"DEBUG=1",
					"$(inherited)",
				);
				GCC_WARN_64_TO_32_BIT_CONVERSION = YES;
				GCC_WARN_ABOUT_RETURN_TYPE = YES_ERROR;
				GCC_WARN_UNDECLARED_SELECTOR = YES;
				GCC_WARN_UNINITIALIZED_AUTOS = YES_AGGRESSIVE;
				GCC_WARN_UNUSED_FUNCTION = YES;
				GCC_WARN_UNUSED_VARIABLE = YES;
				IPHONEOS_DEPLOYMENT_TARGET = 14.4;
				MTL_ENABLE_DEBUG_INFO = INCLUDE_SOURCE;
				MTL_FAST_MATH = YES;
				ONLY_ACTIVE_ARCH = YES;
				SDKROOT = iphoneos;
				SWIFT_ACTIVE_COMPILATION_CONDITIONS = DEBUG;
				SWIFT_OPTIMIZATION_LEVEL = "-Onone";
			};
			name = Debug;
		};
		1740D4AA26264E9B00CB4681 /* Release */ = {
			isa = XCBuildConfiguration;
			buildSettings = {
				ALWAYS_SEARCH_USER_PATHS = NO;
				CLANG_ANALYZER_NONNULL = YES;
				CLANG_ANALYZER_NUMBER_OBJECT_CONVERSION = YES_AGGRESSIVE;
				CLANG_CXX_LANGUAGE_STANDARD = "gnu++14";
				CLANG_CXX_LIBRARY = "libc++";
				CLANG_ENABLE_MODULES = YES;
				CLANG_ENABLE_OBJC_ARC = YES;
				CLANG_ENABLE_OBJC_WEAK = YES;
				CLANG_WARN_BLOCK_CAPTURE_AUTORELEASING = YES;
				CLANG_WARN_BOOL_CONVERSION = YES;
				CLANG_WARN_COMMA = YES;
				CLANG_WARN_CONSTANT_CONVERSION = YES;
				CLANG_WARN_DEPRECATED_OBJC_IMPLEMENTATIONS = YES;
				CLANG_WARN_DIRECT_OBJC_ISA_USAGE = YES_ERROR;
				CLANG_WARN_DOCUMENTATION_COMMENTS = YES;
				CLANG_WARN_EMPTY_BODY = YES;
				CLANG_WARN_ENUM_CONVERSION = YES;
				CLANG_WARN_INFINITE_RECURSION = YES;
				CLANG_WARN_INT_CONVERSION = YES;
				CLANG_WARN_NON_LITERAL_NULL_CONVERSION = YES;
				CLANG_WARN_OBJC_IMPLICIT_RETAIN_SELF = YES;
				CLANG_WARN_OBJC_LITERAL_CONVERSION = YES;
				CLANG_WARN_OBJC_ROOT_CLASS = YES_ERROR;
				CLANG_WARN_QUOTED_INCLUDE_IN_FRAMEWORK_HEADER = YES;
				CLANG_WARN_RANGE_LOOP_ANALYSIS = YES;
				CLANG_WARN_STRICT_PROTOTYPES = YES;
				CLANG_WARN_SUSPICIOUS_MOVE = YES;
				CLANG_WARN_UNGUARDED_AVAILABILITY = YES_AGGRESSIVE;
				CLANG_WARN_UNREACHABLE_CODE = YES;
				CLANG_WARN__DUPLICATE_METHOD_MATCH = YES;
				COPY_PHASE_STRIP = NO;
				DEBUG_INFORMATION_FORMAT = "dwarf-with-dsym";
				ENABLE_NS_ASSERTIONS = NO;
				ENABLE_STRICT_OBJC_MSGSEND = YES;
				GCC_C_LANGUAGE_STANDARD = gnu11;
				GCC_NO_COMMON_BLOCKS = YES;
				GCC_WARN_64_TO_32_BIT_CONVERSION = YES;
				GCC_WARN_ABOUT_RETURN_TYPE = YES_ERROR;
				GCC_WARN_UNDECLARED_SELECTOR = YES;
				GCC_WARN_UNINITIALIZED_AUTOS = YES_AGGRESSIVE;
				GCC_WARN_UNUSED_FUNCTION = YES;
				GCC_WARN_UNUSED_VARIABLE = YES;
				IPHONEOS_DEPLOYMENT_TARGET = 14.4;
				MTL_ENABLE_DEBUG_INFO = NO;
				MTL_FAST_MATH = YES;
				SDKROOT = iphoneos;
				SWIFT_COMPILATION_MODE = wholemodule;
				SWIFT_OPTIMIZATION_LEVEL = "-O";
				VALIDATE_PRODUCT = YES;
			};
			name = Release;
		};
		1740D4AC26264E9B00CB4681 /* Debug */ = {
			isa = XCBuildConfiguration;
			baseConfigurationReference = 16447308EE69482AA0CB3419 /* Pods-SeguridAPPFinal.debug.xcconfig */;
			buildSettings = {
				ASSETCATALOG_COMPILER_APPICON_NAME = AppIcon;
				ASSETCATALOG_COMPILER_GLOBAL_ACCENT_COLOR_NAME = AccentColor;
				CODE_SIGN_STYLE = Automatic;
				DEVELOPMENT_TEAM = HP8UCH6BR3;
				INFOPLIST_FILE = SeguridAPPFinal/Info.plist;
				LD_RUNPATH_SEARCH_PATHS = (
					"$(inherited)",
					"@executable_path/Frameworks",
				);
				PRODUCT_BUNDLE_IDENTIFIER = com.UTT.SeguridAPPFinal;
				PRODUCT_NAME = "$(TARGET_NAME)";
				SWIFT_VERSION = 5.0;
				TARGETED_DEVICE_FAMILY = "1,2";
			};
			name = Debug;
		};
		1740D4AD26264E9B00CB4681 /* Release */ = {
			isa = XCBuildConfiguration;
			baseConfigurationReference = 068562A315DCD28E4076BD93 /* Pods-SeguridAPPFinal.release.xcconfig */;
			buildSettings = {
				ASSETCATALOG_COMPILER_APPICON_NAME = AppIcon;
				ASSETCATALOG_COMPILER_GLOBAL_ACCENT_COLOR_NAME = AccentColor;
				CODE_SIGN_STYLE = Automatic;
				DEVELOPMENT_TEAM = HP8UCH6BR3;
				INFOPLIST_FILE = SeguridAPPFinal/Info.plist;
				LD_RUNPATH_SEARCH_PATHS = (
					"$(inherited)",
					"@executable_path/Frameworks",
				);
				PRODUCT_BUNDLE_IDENTIFIER = com.UTT.SeguridAPPFinal;
				PRODUCT_NAME = "$(TARGET_NAME)";
				SWIFT_VERSION = 5.0;
				TARGETED_DEVICE_FAMILY = "1,2";
			};
			name = Release;
		};
		1740D4AF26264E9B00CB4681 /* Debug */ = {
			isa = XCBuildConfiguration;
			buildSettings = {
				ALWAYS_EMBED_SWIFT_STANDARD_LIBRARIES = YES;
				BUNDLE_LOADER = "$(TEST_HOST)";
				CODE_SIGN_STYLE = Automatic;
				DEVELOPMENT_TEAM = HP8UCH6BR3;
				INFOPLIST_FILE = SeguridAPPFinalTests/Info.plist;
				IPHONEOS_DEPLOYMENT_TARGET = 14.4;
				LD_RUNPATH_SEARCH_PATHS = (
					"$(inherited)",
					"@executable_path/Frameworks",
					"@loader_path/Frameworks",
				);
				PRODUCT_BUNDLE_IDENTIFIER = com.UTT.SeguridAPPFinalTests;
				PRODUCT_NAME = "$(TARGET_NAME)";
				SWIFT_VERSION = 5.0;
				TARGETED_DEVICE_FAMILY = "1,2";
				TEST_HOST = "$(BUILT_PRODUCTS_DIR)/SeguridAPPFinal.app/SeguridAPPFinal";
			};
			name = Debug;
		};
		1740D4B026264E9B00CB4681 /* Release */ = {
			isa = XCBuildConfiguration;
			buildSettings = {
				ALWAYS_EMBED_SWIFT_STANDARD_LIBRARIES = YES;
				BUNDLE_LOADER = "$(TEST_HOST)";
				CODE_SIGN_STYLE = Automatic;
				DEVELOPMENT_TEAM = HP8UCH6BR3;
				INFOPLIST_FILE = SeguridAPPFinalTests/Info.plist;
				IPHONEOS_DEPLOYMENT_TARGET = 14.4;
				LD_RUNPATH_SEARCH_PATHS = (
					"$(inherited)",
					"@executable_path/Frameworks",
					"@loader_path/Frameworks",
				);
				PRODUCT_BUNDLE_IDENTIFIER = com.UTT.SeguridAPPFinalTests;
				PRODUCT_NAME = "$(TARGET_NAME)";
				SWIFT_VERSION = 5.0;
				TARGETED_DEVICE_FAMILY = "1,2";
				TEST_HOST = "$(BUILT_PRODUCTS_DIR)/SeguridAPPFinal.app/SeguridAPPFinal";
			};
			name = Release;
		};
		1740D4B226264E9B00CB4681 /* Debug */ = {
			isa = XCBuildConfiguration;
			buildSettings = {
				ALWAYS_EMBED_SWIFT_STANDARD_LIBRARIES = YES;
				CODE_SIGN_STYLE = Automatic;
				DEVELOPMENT_TEAM = HP8UCH6BR3;
				INFOPLIST_FILE = SeguridAPPFinalUITests/Info.plist;
				LD_RUNPATH_SEARCH_PATHS = (
					"$(inherited)",
					"@executable_path/Frameworks",
					"@loader_path/Frameworks",
				);
				PRODUCT_BUNDLE_IDENTIFIER = com.UTT.SeguridAPPFinalUITests;
				PRODUCT_NAME = "$(TARGET_NAME)";
				SWIFT_VERSION = 5.0;
				TARGETED_DEVICE_FAMILY = "1,2";
				TEST_TARGET_NAME = SeguridAPPFinal;
			};
			name = Debug;
		};
		1740D4B326264E9B00CB4681 /* Release */ = {
			isa = XCBuildConfiguration;
			buildSettings = {
				ALWAYS_EMBED_SWIFT_STANDARD_LIBRARIES = YES;
				CODE_SIGN_STYLE = Automatic;
				DEVELOPMENT_TEAM = HP8UCH6BR3;
				INFOPLIST_FILE = SeguridAPPFinalUITests/Info.plist;
				LD_RUNPATH_SEARCH_PATHS = (
					"$(inherited)",
					"@executable_path/Frameworks",
					"@loader_path/Frameworks",
				);
				PRODUCT_BUNDLE_IDENTIFIER = com.UTT.SeguridAPPFinalUITests;
				PRODUCT_NAME = "$(TARGET_NAME)";
				SWIFT_VERSION = 5.0;
				TARGETED_DEVICE_FAMILY = "1,2";
				TEST_TARGET_NAME = SeguridAPPFinal;
			};
			name = Release;
		};
/* End XCBuildConfiguration section */

/* Begin XCConfigurationList section */
		1740D47C26264E9A00CB4681 /* Build configuration list for PBXProject "SeguridAPPFinal" */ = {
			isa = XCConfigurationList;
			buildConfigurations = (
				1740D4A926264E9B00CB4681 /* Debug */,
				1740D4AA26264E9B00CB4681 /* Release */,
			);
			defaultConfigurationIsVisible = 0;
			defaultConfigurationName = Release;
		};
		1740D4AB26264E9B00CB4681 /* Build configuration list for PBXNativeTarget "SeguridAPPFinal" */ = {
			isa = XCConfigurationList;
			buildConfigurations = (
				1740D4AC26264E9B00CB4681 /* Debug */,
				1740D4AD26264E9B00CB4681 /* Release */,
			);
			defaultConfigurationIsVisible = 0;
			defaultConfigurationName = Release;
		};
		1740D4AE26264E9B00CB4681 /* Build configuration list for PBXNativeTarget "SeguridAPPFinalTests" */ = {
			isa = XCConfigurationList;
			buildConfigurations = (
				1740D4AF26264E9B00CB4681 /* Debug */,
				1740D4B026264E9B00CB4681 /* Release */,
			);
			defaultConfigurationIsVisible = 0;
			defaultConfigurationName = Release;
		};
		1740D4B126264E9B00CB4681 /* Build configuration list for PBXNativeTarget "SeguridAPPFinalUITests" */ = {
			isa = XCConfigurationList;
			buildConfigurations = (
				1740D4B226264E9B00CB4681 /* Debug */,
				1740D4B326264E9B00CB4681 /* Release */,
			);
			defaultConfigurationIsVisible = 0;
			defaultConfigurationName = Release;
		};
/* End XCConfigurationList section */
	};
	rootObject = 1740D47926264E9A00CB4681 /* Project object */;
}
